
Microsoft Visual Studio Solution File, Format Version 12.00
# Visual Studio Version 16
VisualStudioVersion = 16.0.30225.117
MinimumVisualStudioVersion = 10.0.40219.1
Project("{FAE04EC0-301F-11D3-BF4B-00C04F79EFBC}") = "_omo_1", "_omo_1\_omo_1.csproj", "{78E0DB94-DFC6-46E3-9983-19AE987948FC}"
EndProject
Project("{FAE04EC0-301F-11D3-BF4B-00C04F79EFBC}") = "_omo_2", "_omo_2\_omo_2.csproj", "{58F6390E-D25E-45FD-9BC8-F116C82376D2}"
EndProject
Global
	GlobalSection(SolutionConfigurationPlatforms) = preSolution
		Debug|Any CPU = Debug|Any CPU
		Release|Any CPU = Release|Any CPU
	EndGlobalSection
	GlobalSection(ProjectConfigurationPlatforms) = postSolution
		{78E0DB94-DFC6-46E3-9983-19AE987948FC}.Debug|Any CPU.ActiveCfg = Debug|Any CPU
		{78E0DB94-DFC6-46E3-9983-19AE987948FC}.Debug|Any CPU.Build.0 = Debug|Any CPU
		{78E0DB94-DFC6-46E3-9983-19AE987948FC}.Release|Any CPU.ActiveCfg = Release|Any CPU
		{78E0DB94-DFC6-46E3-9983-19AE987948FC}.Release|Any CPU.Build.0 = Release|Any CPU
		{58F6390E-D25E-45FD-9BC8-F116C82376D2}.Debug|Any CPU.ActiveCfg = Debug|Any CPU
		{58F6390E-D25E-45FD-9BC8-F116C82376D2}.Debug|Any CPU.Build.0 = Debug|Any CPU
		{58F6390E-D25E-45FD-9BC8-F116C82376D2}.Release|Any CPU.ActiveCfg = Release|Any CPU
		{58F6390E-D25E-45FD-9BC8-F116C82376D2}.Release|Any CPU.Build.0 = Release|Any CPU
	EndGlobalSection
	GlobalSection(SolutionProperties) = preSolution
		HideSolutionNode = FALSE
	EndGlobalSection
	GlobalSection(ExtensibilityGlobals) = postSolution
		SolutionGuid = {FE6ED3FC-F2B9-4FD2-8072-96481478BC07}
	EndGlobalSection
EndGlobal
